// !$*UTF8*$!
{
	archiveVersion = 1;
	classes = {
	};
	objectVersion = 46;
	objects = {

/* Begin PBXBuildFile section */
		551F19451E18D0F000025E78 /* AppDelegate.swift in Sources */ = {isa = PBXBuildFile; fileRef = 551F19441E18D0F000025E78 /* AppDelegate.swift */; };
		551F19471E18D0F000025E78 /* ViewController.swift in Sources */ = {isa = PBXBuildFile; fileRef = 551F19461E18D0F000025E78 /* ViewController.swift */; };
		551F194A1E18D0F000025E78 /* Main.storyboard in Resources */ = {isa = PBXBuildFile; fileRef = 551F19481E18D0F000025E78 /* Main.storyboard */; };
		551F194C1E18D0F000025E78 /* Assets.xcassets in Resources */ = {isa = PBXBuildFile; fileRef = 551F194B1E18D0F000025E78 /* Assets.xcassets */; };
		551F194F1E18D0F000025E78 /* LaunchScreen.storyboard in Resources */ = {isa = PBXBuildFile; fileRef = 551F194D1E18D0F000025E78 /* LaunchScreen.storyboard */; };
		551F19571E18D12D00025E78 /* SideMenu.swift in Sources */ = {isa = PBXBuildFile; fileRef = 551F19561E18D12D00025E78 /* SideMenu.swift */; };
/* End PBXBuildFile section */

/* Begin PBXFileReference section */
		551F19411E18D0F000025E78 /* SideMenu.app */ = {isa = PBXFileReference; explicitFileType = wrapper.application; includeInIndex = 0; path = SideMenu.app; sourceTree = BUILT_PRODUCTS_DIR; };
		551F19441E18D0F000025E78 /* AppDelegate.swift */ = {isa = PBXFileReference; lastKnownFileType = sourcecode.swift; path = AppDelegate.swift; sourceTree = "<group>"; };
		551F19461E18D0F000025E78 /* ViewController.swift */ = {isa = PBXFileReference; lastKnownFileType = sourcecode.swift; path = ViewController.swift; sourceTree = "<group>"; };
		551F19491E18D0F000025E78 /* Base */ = {isa = PBXFileReference; lastKnownFileType = file.storyboard; name = Base; path = Base.lproj/Main.storyboard; sourceTree = "<group>"; };
		551F194B1E18D0F000025E78 /* Assets.xcassets */ = {isa = PBXFileReference; lastKnownFileType = folder.assetcatalog; path = Assets.xcassets; sourceTree = "<group>"; };
		551F194E1E18D0F000025E78 /* Base */ = {isa = PBXFileReference; lastKnownFileType = file.storyboard; name = Base; path = Base.lproj/LaunchScreen.storyboard; sourceTree = "<group>"; };
		551F19501E18D0F000025E78 /* Info.plist */ = {isa = PBXFileReference; lastKnownFileType = text.plist.xml; path = Info.plist; sourceTree = "<group>"; };
		551F19561E18D12D00025E78 /* SideMenu.swift */ = {isa = PBXFileReference; fileEncoding = 4; lastKnownFileType = sourcecode.swift; path = SideMenu.swift; sourceTree = "<group>"; };
/* End PBXFileReference section */

/* Begin PBXFrameworksBuildPhase section */
		551F193E1E18D0F000025E78 /* Frameworks */ = {
			isa = PBXFrameworksBuildPhase;
			buildActionMask = 2147483647;
			files = (
			);
			runOnlyForDeploymentPostprocessing = 0;
		};
/* End PBXFrameworksBuildPhase section */

/* Begin PBXGroup section */
		551F19381E18D0F000025E78 = {
			isa = PBXGroup;
			children = (
				551F19431E18D0F000025E78 /* SideMenu */,
				551F19421E18D0F000025E78 /* Products */,
			);
			sourceTree = "<group>";
		};
		551F19421E18D0F000025E78 /* Products */ = {
			isa = PBXGroup;
			children = (
				551F19411E18D0F000025E78 /* SideMenu.app */,
			);
			name = Products;
			sourceTree = "<group>";
		};
		551F19431E18D0F000025E78 /* SideMenu */ = {
			isa = PBXGroup;
			children = (
				551F19441E18D0F000025E78 /* AppDelegate.swift */,
				551F19461E18D0F000025E78 /* ViewController.swift */,
				551F19561E18D12D00025E78 /* SideMenu.swift */,
				551F19481E18D0F000025E78 /* Main.storyboard */,
				551F194B1E18D0F000025E78 /* Assets.xcassets */,
				551F194D1E18D0F000025E78 /* LaunchScreen.storyboard */,
				551F19501E18D0F000025E78 /* Info.plist */,
			);
			path = SideMenu;
			sourceTree = "<group>";
		};
/* End PBXGroup section */

/* Begin PBXNativeTarget section */
		551F19401E18D0F000025E78 /* SideMenu */ = {
			isa = PBXNativeTarget;
			buildConfigurationList = 551F19531E18D0F000025E78 /* Build configuration list for PBXNativeTarget "SideMenu" */;
			buildPhases = (
				551F193D1E18D0F000025E78 /* Sources */,
				551F193E1E18D0F000025E78 /* Frameworks */,
				551F193F1E18D0F000025E78 /* Resources */,
			);
			buildRules = (
			);
			dependencies = (
			);
			name = SideMenu;
			productName = SideMenu;
			productReference = 551F19411E18D0F000025E78 /* SideMenu.app */;
			productType = "com.apple.product-type.application";
		};
/* End PBXNativeTarget section */

/* Begin PBXProject section */
		551F19391E18D0F000025E78 /* Project object */ = {
			isa = PBXProject;
			attributes = {
				LastSwiftUpdateCheck = 0820;
				LastUpgradeCheck = 0820;
				ORGANIZATIONNAME = "Dave Rothschild";
				TargetAttributes = {
					551F19401E18D0F000025E78 = {
						CreatedOnToolsVersion = 8.2.1;
						DevelopmentTeam = 64ZMRUDATB;
						ProvisioningStyle = Automatic;
					};
				};
			};
			buildConfigurationList = 551F193C1E18D0F000025E78 /* Build configuration list for PBXProject "SideMenu" */;
			compatibilityVersion = "Xcode 3.2";
			developmentRegion = English;
			hasScannedForEncodings = 0;
			knownRegions = (
				en,
				Base,
			);
			mainGroup = 551F19381E18D0F000025E78;
			productRefGroup = 551F19421E18D0F000025E78 /* Products */;
			projectDirPath = "";
			projectRoot = "";
			targets = (
				551F19401E18D0F000025E78 /* SideMenu */,
			);
		};
/* End PBXProject section */

/* Begin PBXResourcesBuildPhase section */
		551F193F1E18D0F000025E78 /* Resources */ = {
			isa = PBXResourcesBuildPhase;
			buildActionMask = 2147483647;
			files = (
				551F194F1E18D0F000025E78 /* LaunchScreen.storyboard in Resources */,
				551F194C1E18D0F000025E78 /* Assets.xcassets in Resources */,
				551F194A1E18D0F000025E78 /* Main.storyboard in Resources */,
			);
			runOnlyForDeploymentPostprocessing = 0;
		};
/* End PBXResourcesBuildPhase section */

/* Begin PBXSourcesBuildPhase section */
		551F193D1E18D0F000025E78 /* Sources */ = {
			isa = PBXSourcesBuildPhase;
			buildActionMask = 2147483647;
			files = (
				551F19571E18D12D00025E78 /* SideMenu.swift in Sources */,
				551F19471E18D0F000025E78 /* ViewController.swift in Sources */,
				551F19451E18D0F000025E78 /* AppDelegate.swift in Sources */,
			);
			runOnlyForDeploymentPostprocessing = 0;
		};
/* End PBXSourcesBuildPhase section */

/* Begin PBXVariantGroup section */
		551F19481E18D0F000025E78 /* Main.storyboard */ = {
			isa = PBXVariantGroup;
			children = (
				551F19491E18D0F000025E78 /* Base */,
			);
			name = Main.storyboard;
			sourceTree = "<group>";
		};
		551F194D1E18D0F000025E78 /* LaunchScreen.storyboard */ = {
			isa = PBXVariantGroup;
			children = (
				551F194E1E18D0F000025E78 /* Base */,
			);
			name = LaunchScreen.storyboard;
			sourceTree = "<group>";
		};
/* End PBXVariantGroup section */

/* Begin XCBuildConfiguration section */
		551F19511E18D0F000025E78 /* Debug */ = {
			isa = XCBuildConfiguration;
			buildSettings = {
				ALWAYS_SEARCH_USER_PATHS = NO;
				CLANG_ANALYZER_NONNULL = YES;
				CLANG_CXX_LANGUAGE_STANDARD = "gnu++0x";
				CLANG_CXX_LIBRARY = "libc++";
				CLANG_ENABLE_MODULES = YES;
				CLANG_ENABLE_OBJC_ARC = YES;
				CLANG_WARN_BOOL_CONVERSION = YES;
				CLANG_WARN_CONSTANT_CONVERSION = YES;
				CLANG_WARN_DIRECT_OBJC_ISA_USAGE = YES_ERROR;
				CLANG_WARN_DOCUMENTATION_COMMENTS = YES;
				CLANG_WARN_EMPTY_BODY = YES;
				CLANG_WARN_ENUM_CONVERSION = YES;
				CLANG_WARN_INFINITE_RECURSION = YES;
				CLANG_WARN_INT_CONVERSION = YES;
				CLANG_WARN_OBJC_ROOT_CLASS = YES_ERROR;
				CLANG_WARN_SUSPICIOUS_MOVE = YES;
				CLANG_WARN_UNREACHABLE_CODE = YES;
				CLANG_WARN__DUPLICATE_METHOD_MATCH = YES;
				"CODE_SIGN_IDENTITY[sdk=iphoneos*]" = "iPhone Developer";
				COPY_PHASE_STRIP = NO;
				DEBUG_INFORMATION_FORMAT = dwarf;
				ENABLE_STRICT_OBJC_MSGSEND = YES;
				ENABLE_TESTABILITY = YES;
				GCC_C_LANGUAGE_STANDARD = gnu99;
				GCC_DYNAMIC_NO_PIC = NO;
				GCC_NO_COMMON_BLOCKS = YES;
				GCC_OPTIMIZATION_LEVEL = 0;
				GCC_PREPROCESSOR_DEFINITIONS = (
					"DEBUG=1",
					"$(inherited)",
				);
				GCC_WARN_64_TO_32_BIT_CONVERSION = YES;
				GCC_WARN_ABOUT_RETURN_TYPE = YES_ERROR;
				GCC_WARN_UNDECLARED_SELECTOR = YES;
				GCC_WARN_UNINITIALIZED_AUTOS = YES_AGGRESSIVE;
				GCC_WARN_UNUSED_FUNCTION = YES;
				GCC_WARN_UNUSED_VARIABLE = YES;
				IPHONEOS_DEPLOYMENT_TARGET = 10.2;
				MTL_ENABLE_DEBUG_INFO = YES;
				ONLY_ACTIVE_ARCH = YES;
				SDKROOT = iphoneos;
				SWIFT_ACTIVE_COMPILATION_CONDITIONS = DEBUG;
				SWIFT_OPTIMIZATION_LEVEL = "-Onone";
			};
			name = Debug;
		};
		551F19521E18D0F000025E78 /* Release */ = {
			isa = XCBuildConfiguration;
			buildSettings = {
				ALWAYS_SEARCH_USER_PATHS = NO;
				CLANG_ANALYZER_NONNULL = YES;
				CLANG_CXX_LANGUAGE_STANDARD = "gnu++0x";
				CLANG_CXX_LIBRARY = "libc++";
				CLANG_ENABLE_MODULES = YES;
				CLANG_ENABLE_OBJC_ARC = YES;
				CLANG_WARN_BOOL_CONVERSION = YES;
				CLANG_WARN_CONSTANT_CONVERSION = YES;
				CLANG_WARN_DIRECT_OBJC_ISA_USAGE = YES_ERROR;
				CLANG_WARN_DOCUMENTATION_COMMENTS = YES;
				CLANG_WARN_EMPTY_BODY = YES;
				CLANG_WARN_ENUM_CONVERSION = YES;
				CLANG_WARN_INFINITE_RECURSION = YES;
				CLANG_WARN_INT_CONVERSION = YES;
				CLANG_WARN_OBJC_ROOT_CLASS = YES_ERROR;
				CLANG_WARN_SUSPICIOUS_MOVE = YES;
				CLANG_WARN_UNREACHABLE_CODE = YES;
				CLANG_WARN__DUPLICATE_METHOD_MATCH = YES;
				"CODE_SIGN_IDENTITY[sdk=iphoneos*]" = "iPhone Developer";
				COPY_PHASE_STRIP = NO;
				DEBUG_INFORMATION_FORMAT = "dwarf-with-dsym";
				ENABLE_NS_ASSERTIONS = NO;
				ENABLE_STRICT_OBJC_MSGSEND = YES;
				GCC_C_LANGUAGE_STANDARD = gnu99;
				GCC_NO_COMMON_BLOCKS = YES;
				GCC_WARN_64_TO_32_BIT_CONVERSION = YES;
				GCC_WARN_ABOUT_RETURN_TYPE = YES_ERROR;
				GCC_WARN_UNDECLARED_SELECTOR = YES;
				GCC_WARN_UNINITIALIZED_AUTOS = YES_AGGRESSIVE;
				GCC_WARN_UNUSED_FUNCTION = YES;
				GCC_WARN_UNUSED_VARIABLE = YES;
				IPHONEOS_DEPLOYMENT_TARGET = 10.2;
				MTL_ENABLE_DEBUG_INFO = NO;
				SDKROOT = iphoneos;
				SWIFT_OPTIMIZATION_LEVEL = "-Owholemodule";
				VALIDATE_PRODUCT = YES;
			};
			name = Release;
		};
		551F19541E18D0F000025E78 /* Debug */ = {
			isa = XCBuildConfiguration;
			buildSettings = {
				ASSETCATALOG_COMPILER_APPICON_NAME = AppIcon;
				DEVELOPMENT_TEAM = 64ZMRUDATB;
				INFOPLIST_FILE = SideMenu/Info.plist;
				LD_RUNPATH_SEARCH_PATHS = "$(inherited) @executable_path/Frameworks";
				PRODUCT_BUNDLE_IDENTIFIER = com.daverothschild.SideMenu;
				PRODUCT_NAME = "$(TARGET_NAME)";
				SWIFT_VERSION = 3.0;
			};
			name = Debug;
		};
		551F19551E18D0F000025E78 /* Release */ = {
			isa = XCBuildConfiguration;
			buildSettings = {
				ASSETCATALOG_COMPILER_APPICON_NAME = AppIcon;
				DEVELOPMENT_TEAM = 64ZMRUDATB;
				INFOPLIST_FILE = SideMenu/Info.plist;
				LD_RUNPATH_SEARCH_PATHS = "$(inherited) @executable_path/Frameworks";
				PRODUCT_BUNDLE_IDENTIFIER = com.daverothschild.SideMenu;
				PRODUCT_NAME = "$(TARGET_NAME)";
				SWIFT_VERSION = 3.0;
			};
			name = Release;
		};
/* End XCBuildConfiguration section */

/* Begin XCConfigurationList section */
		551F193C1E18D0F000025E78 /* Build configuration list for PBXProject "SideMenu" */ = {
			isa = XCConfigurationList;
			buildConfigurations = (
				551F19511E18D0F000025E78 /* Debug */,
				551F19521E18D0F000025E78 /* Release */,
			);
			defaultConfigurationIsVisible = 0;
			defaultConfigurationName = Release;
		};
		551F19531E18D0F000025E78 /* Build configuration list for PBXNativeTarget "SideMenu" */ = {
			isa = XCConfigurationList;
			buildConfigurations = (
				551F19541E18D0F000025E78 /* Debug */,
				551F19551E18D0F000025E78 /* Release */,
			);
			defaultConfigurationIsVisible = 0;
		};
/* End XCConfigurationList section */
	};
	rootObject = 551F19391E18D0F000025E78 /* Project object */;
}
